// !$*UTF8*$!
{
	archiveVersion = 1;
	classes = {
	};
	objectVersion = 55;
	objects = {

/* Begin PBXBuildFile section */
		5260634F2832526C00DB346E /* SoundPlayer.swift in Sources */ = {isa = PBXBuildFile; fileRef = 5260634E2832526C00DB346E /* SoundPlayer.swift */; };
		52A2553627F4505400178AF3 /* DevoteApp.swift in Sources */ = {isa = PBXBuildFile; fileRef = 52A2553527F4505400178AF3 /* DevoteApp.swift */; };
		52A2553827F4505400178AF3 /* ContentView.swift in Sources */ = {isa = PBXBuildFile; fileRef = 52A2553727F4505400178AF3 /* ContentView.swift */; };
		52A2553A27F4505800178AF3 /* Assets.xcassets in Resources */ = {isa = PBXBuildFile; fileRef = 52A2553927F4505800178AF3 /* Assets.xcassets */; };
		52A2553D27F4505800178AF3 /* Preview Assets.xcassets in Resources */ = {isa = PBXBuildFile; fileRef = 52A2553C27F4505800178AF3 /* Preview Assets.xcassets */; };
		52A2553F27F4505800178AF3 /* Persistence.swift in Sources */ = {isa = PBXBuildFile; fileRef = 52A2553E27F4505800178AF3 /* Persistence.swift */; };
		52A2554227F4505800178AF3 /* Devote.xcdatamodeld in Sources */ = {isa = PBXBuildFile; fileRef = 52A2554027F4505800178AF3 /* Devote.xcdatamodeld */; };
		52A2554B27F4517000178AF3 /* sound-ding.mp3 in Resources */ = {isa = PBXBuildFile; fileRef = 52A2554827F4517000178AF3 /* sound-ding.mp3 */; };
		52A2554C27F4517000178AF3 /* sound-tap.mp3 in Resources */ = {isa = PBXBuildFile; fileRef = 52A2554927F4517000178AF3 /* sound-tap.mp3 */; };
		52A2554D27F4517000178AF3 /* sound-rise.mp3 in Resources */ = {isa = PBXBuildFile; fileRef = 52A2554A27F4517000178AF3 /* sound-rise.mp3 */; };
		52A2555A27F4661200178AF3 /* Constant.swift in Sources */ = {isa = PBXBuildFile; fileRef = 52A2555927F4661200178AF3 /* Constant.swift */; };
		52CC5C9028297C4800DEB88F /* HidekeyboardExtension.swift in Sources */ = {isa = PBXBuildFile; fileRef = 52CC5C8F28297C4800DEB88F /* HidekeyboardExtension.swift */; };
		52CC5C94282987B700DEB88F /* BackgroundImageView.swift in Sources */ = {isa = PBXBuildFile; fileRef = 52CC5C93282987B700DEB88F /* BackgroundImageView.swift */; };
		52F0BFAB282AAF9A001F4A08 /* NewTaskItemView.swift in Sources */ = {isa = PBXBuildFile; fileRef = 52F0BFAA282AAF9A001F4A08 /* NewTaskItemView.swift */; };
		52F0BFAD282AC13F001F4A08 /* BlankView.swift in Sources */ = {isa = PBXBuildFile; fileRef = 52F0BFAC282AC13F001F4A08 /* BlankView.swift */; };
		52F0BFAF282ACF57001F4A08 /* ListRowItemView.swift in Sources */ = {isa = PBXBuildFile; fileRef = 52F0BFAE282ACF57001F4A08 /* ListRowItemView.swift */; };
		52F0BFB1282AD426001F4A08 /* CheckboxStyle.swift in Sources */ = {isa = PBXBuildFile; fileRef = 52F0BFB0282AD426001F4A08 /* CheckboxStyle.swift */; };
/* End PBXBuildFile section */

/* Begin PBXFileReference section */
		5260634E2832526C00DB346E /* SoundPlayer.swift */ = {isa = PBXFileReference; lastKnownFileType = sourcecode.swift; path = SoundPlayer.swift; sourceTree = "<group>"; };
		52A2553227F4505400178AF3 /* Devote.app */ = {isa = PBXFileReference; explicitFileType = wrapper.application; includeInIndex = 0; path = Devote.app; sourceTree = BUILT_PRODUCTS_DIR; };
		52A2553527F4505400178AF3 /* DevoteApp.swift */ = {isa = PBXFileReference; lastKnownFileType = sourcecode.swift; path = DevoteApp.swift; sourceTree = "<group>"; };
		52A2553727F4505400178AF3 /* ContentView.swift */ = {isa = PBXFileReference; lastKnownFileType = sourcecode.swift; path = ContentView.swift; sourceTree = "<group>"; };
		52A2553927F4505800178AF3 /* Assets.xcassets */ = {isa = PBXFileReference; lastKnownFileType = folder.assetcatalog; path = Assets.xcassets; sourceTree = "<group>"; };
		52A2553C27F4505800178AF3 /* Preview Assets.xcassets */ = {isa = PBXFileReference; lastKnownFileType = folder.assetcatalog; path = "Preview Assets.xcassets"; sourceTree = "<group>"; };
		52A2553E27F4505800178AF3 /* Persistence.swift */ = {isa = PBXFileReference; lastKnownFileType = sourcecode.swift; path = Persistence.swift; sourceTree = "<group>"; };
		52A2554127F4505800178AF3 /* Devote.xcdatamodel */ = {isa = PBXFileReference; lastKnownFileType = wrapper.xcdatamodel; path = Devote.xcdatamodel; sourceTree = "<group>"; };
		52A2554827F4517000178AF3 /* sound-ding.mp3 */ = {isa = PBXFileReference; lastKnownFileType = audio.mp3; path = "sound-ding.mp3"; sourceTree = "<group>"; };
		52A2554927F4517000178AF3 /* sound-tap.mp3 */ = {isa = PBXFileReference; lastKnownFileType = audio.mp3; path = "sound-tap.mp3"; sourceTree = "<group>"; };
		52A2554A27F4517000178AF3 /* sound-rise.mp3 */ = {isa = PBXFileReference; lastKnownFileType = audio.mp3; path = "sound-rise.mp3"; sourceTree = "<group>"; };
		52A2555427F4540D00178AF3 /* Info.plist */ = {isa = PBXFileReference; lastKnownFileType = text.plist; path = Info.plist; sourceTree = "<group>"; };
		52A2555927F4661200178AF3 /* Constant.swift */ = {isa = PBXFileReference; lastKnownFileType = sourcecode.swift; path = Constant.swift; sourceTree = "<group>"; };
		52CC5C8F28297C4800DEB88F /* HidekeyboardExtension.swift */ = {isa = PBXFileReference; lastKnownFileType = sourcecode.swift; path = HidekeyboardExtension.swift; sourceTree = "<group>"; };
		52CC5C93282987B700DEB88F /* BackgroundImageView.swift */ = {isa = PBXFileReference; lastKnownFileType = sourcecode.swift; path = BackgroundImageView.swift; sourceTree = "<group>"; };
		52F0BFAA282AAF9A001F4A08 /* NewTaskItemView.swift */ = {isa = PBXFileReference; lastKnownFileType = sourcecode.swift; path = NewTaskItemView.swift; sourceTree = "<group>"; };
		52F0BFAC282AC13F001F4A08 /* BlankView.swift */ = {isa = PBXFileReference; lastKnownFileType = sourcecode.swift; path = BlankView.swift; sourceTree = "<group>"; };
		52F0BFAE282ACF57001F4A08 /* ListRowItemView.swift */ = {isa = PBXFileReference; lastKnownFileType = sourcecode.swift; path = ListRowItemView.swift; sourceTree = "<group>"; };
		52F0BFB0282AD426001F4A08 /* CheckboxStyle.swift */ = {isa = PBXFileReference; lastKnownFileType = sourcecode.swift; path = CheckboxStyle.swift; sourceTree = "<group>"; };
/* End PBXFileReference section */

/* Begin PBXFrameworksBuildPhase section */
		52A2552F27F4505400178AF3 /* Frameworks */ = {
			isa = PBXFrameworksBuildPhase;
			buildActionMask = 2147483647;
			files = (
			);
			runOnlyForDeploymentPostprocessing = 0;
		};
/* End PBXFrameworksBuildPhase section */

/* Begin PBXGroup section */
		52A2552927F4505400178AF3 = {
			isa = PBXGroup;
			children = (
				52A2553427F4505400178AF3 /* Devote */,
				52A2553327F4505400178AF3 /* Products */,
			);
			sourceTree = "<group>";
		};
		52A2553327F4505400178AF3 /* Products */ = {
			isa = PBXGroup;
			children = (
				52A2553227F4505400178AF3 /* Devote.app */,
			);
			name = Products;
			sourceTree = "<group>";
		};
		52A2553427F4505400178AF3 /* Devote */ = {
			isa = PBXGroup;
			children = (
				52A2555427F4540D00178AF3 /* Info.plist */,
				52A2553527F4505400178AF3 /* DevoteApp.swift */,
				52A2554F27F451C800178AF3 /* View */,
				52A2555327F4524900178AF3 /* Model */,
				52A2555227F4521600178AF3 /* Style */,
				52A2555127F451FF00178AF3 /* Utility */,
				52A2555027F451E500178AF3 /* Extension */,
				52A2554E27F4519F00178AF3 /* Sound */,
				52A2553927F4505800178AF3 /* Assets.xcassets */,
				52A2553B27F4505800178AF3 /* Preview Content */,
			);
			path = Devote;
			sourceTree = "<group>";
		};
		52A2553B27F4505800178AF3 /* Preview Content */ = {
			isa = PBXGroup;
			children = (
				52A2553C27F4505800178AF3 /* Preview Assets.xcassets */,
			);
			path = "Preview Content";
			sourceTree = "<group>";
		};
		52A2554E27F4519F00178AF3 /* Sound */ = {
			isa = PBXGroup;
			children = (
				52A2554827F4517000178AF3 /* sound-ding.mp3 */,
				52A2554A27F4517000178AF3 /* sound-rise.mp3 */,
				52A2554927F4517000178AF3 /* sound-tap.mp3 */,
			);
			path = Sound;
			sourceTree = "<group>";
		};
		52A2554F27F451C800178AF3 /* View */ = {
			isa = PBXGroup;
			children = (
				52A2553727F4505400178AF3 /* ContentView.swift */,
				52CC5C93282987B700DEB88F /* BackgroundImageView.swift */,
				52F0BFAA282AAF9A001F4A08 /* NewTaskItemView.swift */,
				52F0BFAC282AC13F001F4A08 /* BlankView.swift */,
				52F0BFAE282ACF57001F4A08 /* ListRowItemView.swift */,
			);
			path = View;
			sourceTree = "<group>";
		};
		52A2555027F451E500178AF3 /* Extension */ = {
			isa = PBXGroup;
			children = (
				52CC5C8F28297C4800DEB88F /* HidekeyboardExtension.swift */,
			);
			path = Extension;
			sourceTree = "<group>";
		};
		52A2555127F451FF00178AF3 /* Utility */ = {
			isa = PBXGroup;
			children = (
				52A2555927F4661200178AF3 /* Constant.swift */,
				5260634E2832526C00DB346E /* SoundPlayer.swift */,
			);
			path = Utility;
			sourceTree = "<group>";
		};
		52A2555227F4521600178AF3 /* Style */ = {
			isa = PBXGroup;
			children = (
				52F0BFB0282AD426001F4A08 /* CheckboxStyle.swift */,
			);
			path = Style;
			sourceTree = "<group>";
		};
		52A2555327F4524900178AF3 /* Model */ = {
			isa = PBXGroup;
			children = (
				52A2553E27F4505800178AF3 /* Persistence.swift */,
				52A2554027F4505800178AF3 /* Devote.xcdatamodeld */,
			);
			path = Model;
			sourceTree = "<group>";
		};
/* End PBXGroup section */

/* Begin PBXNativeTarget section */
		52A2553127F4505400178AF3 /* Devote */ = {
			isa = PBXNativeTarget;
			buildConfigurationList = 52A2554527F4505800178AF3 /* Build configuration list for PBXNativeTarget "Devote" */;
			buildPhases = (
				52A2552E27F4505400178AF3 /* Sources */,
				52A2552F27F4505400178AF3 /* Frameworks */,
				52A2553027F4505400178AF3 /* Resources */,
			);
			buildRules = (
			);
			dependencies = (
			);
			name = Devote;
			productName = Devote;
			productReference = 52A2553227F4505400178AF3 /* Devote.app */;
			productType = "com.apple.product-type.application";
		};
/* End PBXNativeTarget section */

/* Begin PBXProject section */
		52A2552A27F4505400178AF3 /* Project object */ = {
			isa = PBXProject;
			attributes = {
				BuildIndependentTargetsInParallel = 1;
				LastSwiftUpdateCheck = 1320;
				LastUpgradeCheck = 1320;
				TargetAttributes = {
					52A2553127F4505400178AF3 = {
						CreatedOnToolsVersion = 13.2.1;
					};
				};
			};
			buildConfigurationList = 52A2552D27F4505400178AF3 /* Build configuration list for PBXProject "Devote" */;
			compatibilityVersion = "Xcode 13.0";
			developmentRegion = en;
			hasScannedForEncodings = 0;
			knownRegions = (
				en,
				Base,
			);
			mainGroup = 52A2552927F4505400178AF3;
			productRefGroup = 52A2553327F4505400178AF3 /* Products */;
			projectDirPath = "";
			projectRoot = "";
			targets = (
				52A2553127F4505400178AF3 /* Devote */,
			);
		};
/* End PBXProject section */

/* Begin PBXResourcesBuildPhase section */
		52A2553027F4505400178AF3 /* Resources */ = {
			isa = PBXResourcesBuildPhase;
			buildActionMask = 2147483647;
			files = (
				52A2554D27F4517000178AF3 /* sound-rise.mp3 in Resources */,
				52A2553D27F4505800178AF3 /* Preview Assets.xcassets in Resources */,
				52A2553A27F4505800178AF3 /* Assets.xcassets in Resources */,
				52A2554C27F4517000178AF3 /* sound-tap.mp3 in Resources */,
				52A2554B27F4517000178AF3 /* sound-ding.mp3 in Resources */,
			);
			runOnlyForDeploymentPostprocessing = 0;
		};
/* End PBXResourcesBuildPhase section */

/* Begin PBXSourcesBuildPhase section */
		52A2552E27F4505400178AF3 /* Sources */ = {
			isa = PBXSourcesBuildPhase;
			buildActionMask = 2147483647;
			files = (
				52A2553F27F4505800178AF3 /* Persistence.swift in Sources */,
				52CC5C94282987B700DEB88F /* BackgroundImageView.swift in Sources */,
				52A2553827F4505400178AF3 /* ContentView.swift in Sources */,
				52F0BFAF282ACF57001F4A08 /* ListRowItemView.swift in Sources */,
				52CC5C9028297C4800DEB88F /* HidekeyboardExtension.swift in Sources */,
				52F0BFAD282AC13F001F4A08 /* BlankView.swift in Sources */,
				52A2555A27F4661200178AF3 /* Constant.swift in Sources */,
				52A2554227F4505800178AF3 /* Devote.xcdatamodeld in Sources */,
				52A2553627F4505400178AF3 /* DevoteApp.swift in Sources */,
				52F0BFB1282AD426001F4A08 /* CheckboxStyle.swift in Sources */,
				5260634F2832526C00DB346E /* SoundPlayer.swift in Sources */,
				52F0BFAB282AAF9A001F4A08 /* NewTaskItemView.swift in Sources */,
			);
			runOnlyForDeploymentPostprocessing = 0;
		};
/* End PBXSourcesBuildPhase section */

/* Begin XCBuildConfiguration section */
		52A2554327F4505800178AF3 /* Debug */ = {
			isa = XCBuildConfiguration;
			buildSettings = {
				ALWAYS_SEARCH_USER_PATHS = NO;
				CLANG_ANALYZER_NONNULL = YES;
				CLANG_ANALYZER_NUMBER_OBJECT_CONVERSION = YES_AGGRESSIVE;
				CLANG_CXX_LANGUAGE_STANDARD = "gnu++17";
				CLANG_CXX_LIBRARY = "libc++";
				CLANG_ENABLE_MODULES = YES;
				CLANG_ENABLE_OBJC_ARC = YES;
				CLANG_ENABLE_OBJC_WEAK = YES;
				CLANG_WARN_BLOCK_CAPTURE_AUTORELEASING = YES;
				CLANG_WARN_BOOL_CONVERSION = YES;
				CLANG_WARN_COMMA = YES;
				CLANG_WARN_CONSTANT_CONVERSION = YES;
				CLANG_WARN_DEPRECATED_OBJC_IMPLEMENTATIONS = YES;
				CLANG_WARN_DIRECT_OBJC_ISA_USAGE = YES_ERROR;
				CLANG_WARN_DOCUMENTATION_COMMENTS = YES;
				CLANG_WARN_EMPTY_BODY = YES;
				CLANG_WARN_ENUM_CONVERSION = YES;
				CLANG_WARN_INFINITE_RECURSION = YES;
				CLANG_WARN_INT_CONVERSION = YES;
				CLANG_WARN_NON_LITERAL_NULL_CONVERSION = YES;
				CLANG_WARN_OBJC_IMPLICIT_RETAIN_SELF = YES;
				CLANG_WARN_OBJC_LITERAL_CONVERSION = YES;
				CLANG_WARN_OBJC_ROOT_CLASS = YES_ERROR;
				CLANG_WARN_QUOTED_INCLUDE_IN_FRAMEWORK_HEADER = YES;
				CLANG_WARN_RANGE_LOOP_ANALYSIS = YES;
				CLANG_WARN_STRICT_PROTOTYPES = YES;
				CLANG_WARN_SUSPICIOUS_MOVE = YES;
				CLANG_WARN_UNGUARDED_AVAILABILITY = YES_AGGRESSIVE;
				CLANG_WARN_UNREACHABLE_CODE = YES;
				CLANG_WARN__DUPLICATE_METHOD_MATCH = YES;
				COPY_PHASE_STRIP = NO;
				DEBUG_INFORMATION_FORMAT = dwarf;
				ENABLE_STRICT_OBJC_MSGSEND = YES;
				ENABLE_TESTABILITY = YES;
				GCC_C_LANGUAGE_STANDARD = gnu11;
				GCC_DYNAMIC_NO_PIC = NO;
				GCC_NO_COMMON_BLOCKS = YES;
				GCC_OPTIMIZATION_LEVEL = 0;
				GCC_PREPROCESSOR_DEFINITIONS = (
					"DEBUG=1",
					"$(inherited)",
				);
				GCC_WARN_64_TO_32_BIT_CONVERSION = YES;
				GCC_WARN_ABOUT_RETURN_TYPE = YES_ERROR;
				GCC_WARN_UNDECLARED_SELECTOR = YES;
				GCC_WARN_UNINITIALIZED_AUTOS = YES_AGGRESSIVE;
				GCC_WARN_UNUSED_FUNCTION = YES;
				GCC_WARN_UNUSED_VARIABLE = YES;
				IPHONEOS_DEPLOYMENT_TARGET = 15.2;
				MTL_ENABLE_DEBUG_INFO = INCLUDE_SOURCE;
				MTL_FAST_MATH = YES;
				ONLY_ACTIVE_ARCH = YES;
				SDKROOT = iphoneos;
				SWIFT_ACTIVE_COMPILATION_CONDITIONS = DEBUG;
				SWIFT_OPTIMIZATION_LEVEL = "-Onone";
			};
			name = Debug;
		};
		52A2554427F4505800178AF3 /* Release */ = {
			isa = XCBuildConfiguration;
			buildSettings = {
				ALWAYS_SEARCH_USER_PATHS = NO;
				CLANG_ANALYZER_NONNULL = YES;
				CLANG_ANALYZER_NUMBER_OBJECT_CONVERSION = YES_AGGRESSIVE;
				CLANG_CXX_LANGUAGE_STANDARD = "gnu++17";
				CLANG_CXX_LIBRARY = "libc++";
				CLANG_ENABLE_MODULES = YES;
				CLANG_ENABLE_OBJC_ARC = YES;
				CLANG_ENABLE_OBJC_WEAK = YES;
				CLANG_WARN_BLOCK_CAPTURE_AUTORELEASING = YES;
				CLANG_WARN_BOOL_CONVERSION = YES;
				CLANG_WARN_COMMA = YES;
				CLANG_WARN_CONSTANT_CONVERSION = YES;
				CLANG_WARN_DEPRECATED_OBJC_IMPLEMENTATIONS = YES;
				CLANG_WARN_DIRECT_OBJC_ISA_USAGE = YES_ERROR;
				CLANG_WARN_DOCUMENTATION_COMMENTS = YES;
				CLANG_WARN_EMPTY_BODY = YES;
				CLANG_WARN_ENUM_CONVERSION = YES;
				CLANG_WARN_INFINITE_RECURSION = YES;
				CLANG_WARN_INT_CONVERSION = YES;
				CLANG_WARN_NON_LITERAL_NULL_CONVERSION = YES;
				CLANG_WARN_OBJC_IMPLICIT_RETAIN_SELF = YES;
				CLANG_WARN_OBJC_LITERAL_CONVERSION = YES;
				CLANG_WARN_OBJC_ROOT_CLASS = YES_ERROR;
				CLANG_WARN_QUOTED_INCLUDE_IN_FRAMEWORK_HEADER = YES;
				CLANG_WARN_RANGE_LOOP_ANALYSIS = YES;
				CLANG_WARN_STRICT_PROTOTYPES = YES;
				CLANG_WARN_SUSPICIOUS_MOVE = YES;
				CLANG_WARN_UNGUARDED_AVAILABILITY = YES_AGGRESSIVE;
				CLANG_WARN_UNREACHABLE_CODE = YES;
				CLANG_WARN__DUPLICATE_METHOD_MATCH = YES;
				COPY_PHASE_STRIP = NO;
				DEBUG_INFORMATION_FORMAT = "dwarf-with-dsym";
				ENABLE_NS_ASSERTIONS = NO;
				ENABLE_STRICT_OBJC_MSGSEND = YES;
				GCC_C_LANGUAGE_STANDARD = gnu11;
				GCC_NO_COMMON_BLOCKS = YES;
				GCC_WARN_64_TO_32_BIT_CONVERSION = YES;
				GCC_WARN_ABOUT_RETURN_TYPE = YES_ERROR;
				GCC_WARN_UNDECLARED_SELECTOR = YES;
				GCC_WARN_UNINITIALIZED_AUTOS = YES_AGGRESSIVE;
				GCC_WARN_UNUSED_FUNCTION = YES;
				GCC_WARN_UNUSED_VARIABLE = YES;
				IPHONEOS_DEPLOYMENT_TARGET = 15.2;
				MTL_ENABLE_DEBUG_INFO = NO;
				MTL_FAST_MATH = YES;
				SDKROOT = iphoneos;
				SWIFT_COMPILATION_MODE = wholemodule;
				SWIFT_OPTIMIZATION_LEVEL = "-O";
				VALIDATE_PRODUCT = YES;
			};
			name = Release;
		};
		52A2554627F4505800178AF3 /* Debug */ = {
			isa = XCBuildConfiguration;
			buildSettings = {
				ASSETCATALOG_COMPILER_APPICON_NAME = AppIcon;
				ASSETCATALOG_COMPILER_GLOBAL_ACCENT_COLOR_NAME = AccentColor;
				CODE_SIGN_STYLE = Automatic;
				CURRENT_PROJECT_VERSION = 1;
				DEVELOPMENT_ASSET_PATHS = "\"Devote/Preview Content\"";
				DEVELOPMENT_TEAM = B928425H46;
				ENABLE_PREVIEWS = YES;
				GENERATE_INFOPLIST_FILE = YES;
				INFOPLIST_FILE = Devote/Info.plist;
				INFOPLIST_KEY_UIApplicationSceneManifest_Generation = YES;
				INFOPLIST_KEY_UIApplicationSupportsIndirectInputEvents = YES;
				INFOPLIST_KEY_UISupportedInterfaceOrientations = UIInterfaceOrientationPortrait;
				INFOPLIST_KEY_UISupportedInterfaceOrientations_iPad = "UIInterfaceOrientationPortrait UIInterfaceOrientationPortraitUpsideDown UIInterfaceOrientationLandscapeLeft UIInterfaceOrientationLandscapeRight";
				INFOPLIST_KEY_UISupportedInterfaceOrientations_iPhone = "UIInterfaceOrientationPortrait UIInterfaceOrientationLandscapeLeft UIInterfaceOrientationLandscapeRight";
				LD_RUNPATH_SEARCH_PATHS = (
					"$(inherited)",
					"@executable_path/Frameworks",
				);
				MARKETING_VERSION = 1.0;
				PRODUCT_BUNDLE_IDENTIFIER = NerijusSurkys.Devote;
				PRODUCT_NAME = "$(TARGET_NAME)";
				SWIFT_EMIT_LOC_STRINGS = YES;
				SWIFT_VERSION = 5.0;
				TARGETED_DEVICE_FAMILY = "1,2";
			};
			name = Debug;
		};
		52A2554727F4505800178AF3 /* Release */ = {
			isa = XCBuildConfiguration;
			buildSettings = {
				ASSETCATALOG_COMPILER_APPICON_NAME = AppIcon;
				ASSETCATALOG_COMPILER_GLOBAL_ACCENT_COLOR_NAME = AccentColor;
				CODE_SIGN_STYLE = Automatic;
				CURRENT_PROJECT_VERSION = 1;
				DEVELOPMENT_ASSET_PATHS = "\"Devote/Preview Content\"";
				DEVELOPMENT_TEAM = B928425H46;
				ENABLE_PREVIEWS = YES;
				GENERATE_INFOPLIST_FILE = YES;
				INFOPLIST_FILE = Devote/Info.plist;
				INFOPLIST_KEY_UIApplicationSceneManifest_Generation = YES;
				INFOPLIST_KEY_UIApplicationSupportsIndirectInputEvents = YES;
				INFOPLIST_KEY_UISupportedInterfaceOrientations = UIInterfaceOrientationPortrait;
				INFOPLIST_KEY_UISupportedInterfaceOrientations_iPad = "UIInterfaceOrientationPortrait UIInterfaceOrientationPortraitUpsideDown UIInterfaceOrientationLandscapeLeft UIInterfaceOrientationLandscapeRight";
				INFOPLIST_KEY_UISupportedInterfaceOrientations_iPhone = "UIInterfaceOrientationPortrait UIInterfaceOrientationLandscapeLeft UIInterfaceOrientationLandscapeRight";
				LD_RUNPATH_SEARCH_PATHS = (
					"$(inherited)",
					"@executable_path/Frameworks",
				);
				MARKETING_VERSION = 1.0;
				PRODUCT_BUNDLE_IDENTIFIER = NerijusSurkys.Devote;
				PRODUCT_NAME = "$(TARGET_NAME)";
				SWIFT_EMIT_LOC_STRINGS = YES;
				SWIFT_VERSION = 5.0;
				TARGETED_DEVICE_FAMILY = "1,2";
			};
			name = Release;
		};
/* End XCBuildConfiguration section */

/* Begin XCConfigurationList section */
		52A2552D27F4505400178AF3 /* Build configuration list for PBXProject "Devote" */ = {
			isa = XCConfigurationList;
			buildConfigurations = (
				52A2554327F4505800178AF3 /* Debug */,
				52A2554427F4505800178AF3 /* Release */,
			);
			defaultConfigurationIsVisible = 0;
			defaultConfigurationName = Release;
		};
		52A2554527F4505800178AF3 /* Build configuration list for PBXNativeTarget "Devote" */ = {
			isa = XCConfigurationList;
			buildConfigurations = (
				52A2554627F4505800178AF3 /* Debug */,
				52A2554727F4505800178AF3 /* Release */,
			);
			defaultConfigurationIsVisible = 0;
			defaultConfigurationName = Release;
		};
/* End XCConfigurationList section */

/* Begin XCVersionGroup section */
		52A2554027F4505800178AF3 /* Devote.xcdatamodeld */ = {
			isa = XCVersionGroup;
			children = (
				52A2554127F4505800178AF3 /* Devote.xcdatamodel */,
			);
			currentVersion = 52A2554127F4505800178AF3 /* Devote.xcdatamodel */;
			path = Devote.xcdatamodeld;
			sourceTree = "<group>";
			versionGroupType = wrapper.xcdatamodel;
		};
/* End XCVersionGroup section */
	};
	rootObject = 52A2552A27F4505400178AF3 /* Project object */;
}
